
Microsoft Visual Studio Solution File, Format Version 12.00
# Visual Studio Version 17
VisualStudioVersion = 17.10.34928.147
MinimumVisualStudioVersion = 10.0.40219.1
Project("{FAE04EC0-301F-11D3-BF4B-00C04F79EFBC}") = "BikeRentalManagementSystem", "BikeRentalManagementSystem\BikeRentalManagementSystem.csproj", "{5FCC2C04-9206-42D2-A3B6-135029AADDD9}"
EndProject
Global
	GlobalSection(SolutionConfigurationPlatforms) = preSolution
		Debug|Any CPU = Debug|Any CPU
		Release|Any CPU = Release|Any CPU
	EndGlobalSection
	GlobalSection(ProjectConfigurationPlatforms) = postSolution
		{5FCC2C04-9206-42D2-A3B6-135029AADDD9}.Debug|Any CPU.ActiveCfg = Debug|Any CPU
		{5FCC2C04-9206-42D2-A3B6-135029AADDD9}.Debug|Any CPU.Build.0 = Debug|Any CPU
		{5FCC2C04-9206-42D2-A3B6-135029AADDD9}.Release|Any CPU.ActiveCfg = Release|Any CPU
		{5FCC2C04-9206-42D2-A3B6-135029AADDD9}.Release|Any CPU.Build.0 = Release|Any CPU
	EndGlobalSection
	GlobalSection(SolutionProperties) = preSolution
		HideSolutionNode = FALSE
	EndGlobalSection
	GlobalSection(ExtensibilityGlobals) = postSolution
		SolutionGuid = {40E95BCE-BEE8-4EA8-B5A5-9F0B21CA9580}
	EndGlobalSection
EndGlobal
